<?xml version="1.0" encoding="utf-8"?>
<Project ToolsVersion="4.0" xmlns="http://schemas.microsoft.com/developer/msbuild/2003">
  <ItemGroup>
    <Filter Include="Source Files">
      <UniqueIdentifier>{4FC737F1-C7A5-4376-A066-2A32D752A2FF}</UniqueIdentifier>
      <Extensions>cpp;c;cc;cxx;c++;cppm;ixx;def;odl;idl;hpj;bat;asm;asmx</Extensions>
    </Filter>
    <Filter Include="Header Files">
      <UniqueIdentifier>{93995380-89BD-4b04-88EB-625FBE52EBFB}</UniqueIdentifier>
      <Extensions>h;hh;hpp;hxx;h++;hm;inl;inc;ipp;xsd</Extensions>
    </Filter>
    <Filter Include="Resource Files">
      <UniqueIdentifier>{67DA6AB6-F800-4c08-8B7A-83BB121AAD01}</UniqueIdentifier>
      <Extensions>rc;ico;cur;bmp;dlg;rc2;rct;bin;rgs;gif;jpg;jpeg;jpe;resx;tiff;tif;png;wav;mfcribbon-ms</Extensions>
    </Filter>
    <Filter Include="Header Files\Players">
      <UniqueIdentifier>{4250ebdc-a9c4-4d60-990f-5d890cd0d0b1}</UniqueIdentifier>
    </Filter>
    <Filter Include="Source Files\Players">
      <UniqueIdentifier>{f52f0995-8a13-4ed2-bc29-34c002862d92}</UniqueIdentifier>
    </Filter>
    <Filter Include="Header Files\Match">
      <UniqueIdentifier>{159dde7a-ec33-40c9-a0d0-160cba072d8d}</UniqueIdentifier>
    </Filter>
    <Filter Include="Source Files\Match">
      <UniqueIdentifier>{e94dd0bd-247a-46c1-baa7-31cd8f0eeabb}</UniqueIdentifier>
    </Filter>
  </ItemGroup>
  <ItemGroup>
    <ClCompile Include="source.cpp">
      <Filter>Source Files</Filter>
    </ClCompile>
    <ClCompile Include="CPlayer.cpp">
      <Filter>Source Files\Players</Filter>
    </ClCompile>
    <ClCompile Include="CPosition.cpp">
      <Filter>Source Files\Players</Filter>
    </ClCompile>
    <ClCompile Include="CStartMatch.cpp">
      <Filter>Source Files\Match</Filter>
    </ClCompile>
    <ClCompile Include="CMatchPrep.cpp">
      <Filter>Source Files\Match</Filter>
    </ClCompile>
    <ClCompile Include="CActions.cpp">
      <Filter>Source Files\Match</Filter>
    </ClCompile>
    <ClCompile Include="CTeam.cpp">
      <Filter>Source Files\Match</Filter>
    </ClCompile>
    <ClCompile Include="CMatchStats.cpp">
      <Filter>Source Files\Match</Filter>
    </ClCompile>
  </ItemGroup>
  <ItemGroup>
    <ClInclude Include="CAttackers.h">
      <Filter>Header Files\Players</Filter>
    </ClInclude>
    <ClInclude Include="CCentralMid.h">
      <Filter>Header Files\Players</Filter>
    </ClInclude>
    <ClInclude Include="CDeffenders.h">
      <Filter>Header Files\Players</Filter>
    </ClInclude>
    <ClInclude Include="CGoalKeeper.h">
      <Filter>Header Files\Players</Filter>
    </ClInclude>
    <ClInclude Include="CPlayer.h">
      <Filter>Header Files\Players</Filter>
    </ClInclude>
    <ClInclude Include="CPosition.h">
      <Filter>Header Files\Players</Filter>
    </ClInclude>
    <ClInclude Include="CActions.h">
      <Filter>Header Files\Match</Filter>
    </ClInclude>
    <ClInclude Include="CMatchPrep.h">
      <Filter>Header Files\Match</Filter>
    </ClInclude>
    <ClInclude Include="CStartMatch.h">
      <Filter>Header Files\Match</Filter>
    </ClInclude>
    <ClInclude Include="CTeam.h">
      <Filter>Header Files\Match</Filter>
    </ClInclude>
    <ClInclude Include="CMatchStats.h">
      <Filter>Header Files\Match</Filter>
    </ClInclude>
  </ItemGroup>
</Project>